
Microsoft Visual Studio Solution File, Format Version 12.00
# Visual Studio Version 17
VisualStudioVersion = 17.4.33205.214
MinimumVisualStudioVersion = 10.0.40219.1
Project("{FAE04EC0-301F-11D3-BF4B-00C04F79EFBC}") = "Domain", "Domain\Domain.csproj", "{CDB62D6E-5796-448D-9689-C09F40A31EAA}"
EndProject
Project("{FAE04EC0-301F-11D3-BF4B-00C04F79EFBC}") = "Data", "Data\Data.csproj", "{0284CD07-EE4D-4085-BB02-DF6625AF8AA5}"
EndProject
Project("{FAE04EC0-301F-11D3-BF4B-00C04F79EFBC}") = "Application", "Application\Application.csproj", "{EE05ACA1-CD59-4AF8-939A-B596F4A29AEB}"
EndProject
Project("{FAE04EC0-301F-11D3-BF4B-00C04F79EFBC}") = "MinimalApi", "MinimalApi\MinimalApi.csproj", "{C0186BB2-08D2-43DB-BF96-DD8DB501DA3C}"
EndProject
Global
	GlobalSection(SolutionConfigurationPlatforms) = preSolution
		Debug|Any CPU = Debug|Any CPU
		Release|Any CPU = Release|Any CPU
	EndGlobalSection
	GlobalSection(ProjectConfigurationPlatforms) = postSolution
		{CDB62D6E-5796-448D-9689-C09F40A31EAA}.Debug|Any CPU.ActiveCfg = Debug|Any CPU
		{CDB62D6E-5796-448D-9689-C09F40A31EAA}.Debug|Any CPU.Build.0 = Debug|Any CPU
		{CDB62D6E-5796-448D-9689-C09F40A31EAA}.Release|Any CPU.ActiveCfg = Release|Any CPU
		{CDB62D6E-5796-448D-9689-C09F40A31EAA}.Release|Any CPU.Build.0 = Release|Any CPU
		{0284CD07-EE4D-4085-BB02-DF6625AF8AA5}.Debug|Any CPU.ActiveCfg = Debug|Any CPU
		{0284CD07-EE4D-4085-BB02-DF6625AF8AA5}.Debug|Any CPU.Build.0 = Debug|Any CPU
		{0284CD07-EE4D-4085-BB02-DF6625AF8AA5}.Release|Any CPU.ActiveCfg = Release|Any CPU
		{0284CD07-EE4D-4085-BB02-DF6625AF8AA5}.Release|Any CPU.Build.0 = Release|Any CPU
		{EE05ACA1-CD59-4AF8-939A-B596F4A29AEB}.Debug|Any CPU.ActiveCfg = Debug|Any CPU
		{EE05ACA1-CD59-4AF8-939A-B596F4A29AEB}.Debug|Any CPU.Build.0 = Debug|Any CPU
		{EE05ACA1-CD59-4AF8-939A-B596F4A29AEB}.Release|Any CPU.ActiveCfg = Release|Any CPU
		{EE05ACA1-CD59-4AF8-939A-B596F4A29AEB}.Release|Any CPU.Build.0 = Release|Any CPU
		{C0186BB2-08D2-43DB-BF96-DD8DB501DA3C}.Debug|Any CPU.ActiveCfg = Debug|Any CPU
		{C0186BB2-08D2-43DB-BF96-DD8DB501DA3C}.Debug|Any CPU.Build.0 = Debug|Any CPU
		{C0186BB2-08D2-43DB-BF96-DD8DB501DA3C}.Release|Any CPU.ActiveCfg = Release|Any CPU
		{C0186BB2-08D2-43DB-BF96-DD8DB501DA3C}.Release|Any CPU.Build.0 = Release|Any CPU
	EndGlobalSection
	GlobalSection(SolutionProperties) = preSolution
		HideSolutionNode = FALSE
	EndGlobalSection
	GlobalSection(ExtensibilityGlobals) = postSolution
		SolutionGuid = {0315896C-8184-4828-BB11-7DE6E35C07C7}
	EndGlobalSection
EndGlobal
